
Microsoft Visual Studio Solution File, Format Version 12.00
# Visual Studio Version 17
VisualStudioVersion = 17.11.35327.3
MinimumVisualStudioVersion = 10.0.40219.1
Project("{2150E333-8FDC-42A3-9474-1A3956D46DE8}") = "src", "src", "{FD1BAED1-3795-4A5C-A725-E893EADF1DF4}"
EndProject
Project("{FAE04EC0-301F-11D3-BF4B-00C04F79EFBC}") = "KwikNesta.Contracts", "src\KwikNesta.Contracts\KwikNesta.Contracts.csproj", "{4AC8D978-657C-48EB-BB20-CF432BD2A13E}"
EndProject
Global
	GlobalSection(SolutionConfigurationPlatforms) = preSolution
		Debug|Any CPU = Debug|Any CPU
		Release|Any CPU = Release|Any CPU
	EndGlobalSection
	GlobalSection(ProjectConfigurationPlatforms) = postSolution
		{4AC8D978-657C-48EB-BB20-CF432BD2A13E}.Debug|Any CPU.ActiveCfg = Debug|Any CPU
		{4AC8D978-657C-48EB-BB20-CF432BD2A13E}.Debug|Any CPU.Build.0 = Debug|Any CPU
		{4AC8D978-657C-48EB-BB20-CF432BD2A13E}.Release|Any CPU.ActiveCfg = Release|Any CPU
		{4AC8D978-657C-48EB-BB20-CF432BD2A13E}.Release|Any CPU.Build.0 = Release|Any CPU
	EndGlobalSection
	GlobalSection(SolutionProperties) = preSolution
		HideSolutionNode = FALSE
	EndGlobalSection
	GlobalSection(NestedProjects) = preSolution
		{4AC8D978-657C-48EB-BB20-CF432BD2A13E} = {FD1BAED1-3795-4A5C-A725-E893EADF1DF4}
	EndGlobalSection
	GlobalSection(ExtensibilityGlobals) = postSolution
		SolutionGuid = {CB8CD01E-8EA6-42B5-AD2E-53CE25EEC59A}
	EndGlobalSection
EndGlobal
